// !$*UTF8*$!
{
	archiveVersion = 1;
	classes = {
	};
	objectVersion = 46;
	objects = {

/* Begin PBXBuildFile section */
		3710919217A9B8FB00BFAF43 /* InfoPlist.strings in Resources */ = {isa = PBXBuildFile; fileRef = 3710919017A9B8FB00BFAF43 /* InfoPlist.strings */; };
		371091C417AA8D3500BFAF43 /* GTWBlank.h in Headers */ = {isa = PBXBuildFile; fileRef = 371091B417AA8D3400BFAF43 /* GTWBlank.h */; settings = {ATTRIBUTES = (Public, ); }; };
		371091C517AA8D3500BFAF43 /* GTWBlank.m in Sources */ = {isa = PBXBuildFile; fileRef = 371091B517AA8D3400BFAF43 /* GTWBlank.m */; };
		371091C717AA8D3500BFAF43 /* GTWDataset.h in Headers */ = {isa = PBXBuildFile; fileRef = 371091B617AA8D3400BFAF43 /* GTWDataset.h */; settings = {ATTRIBUTES = (Public, ); }; };
		371091C817AA8D3500BFAF43 /* GTWDataset.m in Sources */ = {isa = PBXBuildFile; fileRef = 371091B717AA8D3400BFAF43 /* GTWDataset.m */; };
		371091CA17AA8D3500BFAF43 /* GTWIRI.h in Headers */ = {isa = PBXBuildFile; fileRef = 371091B817AA8D3400BFAF43 /* GTWIRI.h */; settings = {ATTRIBUTES = (Public, ); }; };
		371091CB17AA8D3500BFAF43 /* GTWIRI.m in Sources */ = {isa = PBXBuildFile; fileRef = 371091B917AA8D3400BFAF43 /* GTWIRI.m */; };
		371091CD17AA8D3500BFAF43 /* GTWLiteral.h in Headers */ = {isa = PBXBuildFile; fileRef = 371091BA17AA8D3400BFAF43 /* GTWLiteral.h */; settings = {ATTRIBUTES = (Public, ); }; };
		371091CE17AA8D3500BFAF43 /* GTWLiteral.m in Sources */ = {isa = PBXBuildFile; fileRef = 371091BB17AA8D3400BFAF43 /* GTWLiteral.m */; };
		371091D017AA8D3500BFAF43 /* GTWModelBase.h in Headers */ = {isa = PBXBuildFile; fileRef = 371091BC17AA8D3400BFAF43 /* GTWModelBase.h */; settings = {ATTRIBUTES = (Public, ); }; };
		371091D117AA8D3500BFAF43 /* GTWModelBase.m in Sources */ = {isa = PBXBuildFile; fileRef = 371091BD17AA8D3400BFAF43 /* GTWModelBase.m */; };
		371091D317AA8D3500BFAF43 /* GTWQuad.h in Headers */ = {isa = PBXBuildFile; fileRef = 371091BE17AA8D3400BFAF43 /* GTWQuad.h */; settings = {ATTRIBUTES = (Public, ); }; };
		371091D417AA8D3500BFAF43 /* GTWQuad.m in Sources */ = {isa = PBXBuildFile; fileRef = 371091BF17AA8D3400BFAF43 /* GTWQuad.m */; };
		371091D617AA8D3500BFAF43 /* GTWTriple.h in Headers */ = {isa = PBXBuildFile; fileRef = 371091C017AA8D3400BFAF43 /* GTWTriple.h */; settings = {ATTRIBUTES = (Public, ); }; };
		371091D717AA8D3500BFAF43 /* GTWTriple.m in Sources */ = {isa = PBXBuildFile; fileRef = 371091C117AA8D3500BFAF43 /* GTWTriple.m */; };
		371091D917AA8D3500BFAF43 /* GTWVariable.h in Headers */ = {isa = PBXBuildFile; fileRef = 371091C217AA8D3500BFAF43 /* GTWVariable.h */; settings = {ATTRIBUTES = (Public, ); }; };
		371091DA17AA8D3500BFAF43 /* GTWVariable.m in Sources */ = {isa = PBXBuildFile; fileRef = 371091C317AA8D3500BFAF43 /* GTWVariable.m */; };
		371091E517AA90EA00BFAF43 /* GTWSWBase.h in Headers */ = {isa = PBXBuildFile; fileRef = 3710919417A9B8FB00BFAF43 /* GTWSWBase.h */; settings = {ATTRIBUTES = (Public, ); }; };
		371391D1180DC74E002D0535 /* GTWSPARQLResultsXMLParser.h in Headers */ = {isa = PBXBuildFile; fileRef = 371391CF180DC74E002D0535 /* GTWSPARQLResultsXMLParser.h */; settings = {ATTRIBUTES = (Public, ); }; };
		371391D2180DC74E002D0535 /* GTWSPARQLResultsXMLParser.m in Sources */ = {isa = PBXBuildFile; fileRef = 371391D0180DC74E002D0535 /* GTWSPARQLResultsXMLParser.m */; };
		377C2B2E1835A8E000F4171E /* NSObject+GTWTerm.h in Headers */ = {isa = PBXBuildFile; fileRef = 377C2B2C1835A8E000F4171E /* NSObject+GTWTerm.h */; settings = {ATTRIBUTES = (Public, ); }; };
		377C2B2F1835A8E000F4171E /* NSObject+GTWTerm.m in Sources */ = {isa = PBXBuildFile; fileRef = 377C2B2D1835A8E000F4171E /* NSObject+GTWTerm.m */; };
		3786AA2017F0F686008663E9 /* GTWGraphIsomorphism.h in Headers */ = {isa = PBXBuildFile; fileRef = 3786AA1E17F0F686008663E9 /* GTWGraphIsomorphism.h */; settings = {ATTRIBUTES = (Public, ); }; };
		3786AA2117F0F686008663E9 /* GTWGraphIsomorphism.m in Sources */ = {isa = PBXBuildFile; fileRef = 3786AA1F17F0F686008663E9 /* GTWGraphIsomorphism.m */; };
		37B6359718343CB5006D15C0 /* IRI.h in Headers */ = {isa = PBXBuildFile; fileRef = 37B6359518343CB5006D15C0 /* IRI.h */; };
		37B6359818343CB5006D15C0 /* IRI.m in Sources */ = {isa = PBXBuildFile; fileRef = 37B6359618343CB5006D15C0 /* IRI.m */; };
		37B6359F183493DD006D15C0 /* RegexKitLite.h in Headers */ = {isa = PBXBuildFile; fileRef = 37B6359D183493DD006D15C0 /* RegexKitLite.h */; };
		37B635A0183493DD006D15C0 /* RegexKitLite.m in Sources */ = {isa = PBXBuildFile; fileRef = 37B6359E183493DD006D15C0 /* RegexKitLite.m */; settings = {COMPILER_FLAGS = "-fno-objc-arc"; }; };
		37B635A5183553BF006D15C0 /* libicucore.dylib in Frameworks */ = {isa = PBXBuildFile; fileRef = 37B635A31834946E006D15C0 /* libicucore.dylib */; };
		37C4DA481821F71100F31863 /* GTWSPARQLResultsJSONParser.h in Headers */ = {isa = PBXBuildFile; fileRef = 37C4DA461821F71100F31863 /* GTWSPARQLResultsJSONParser.h */; settings = {ATTRIBUTES = (Public, ); }; };
		37C4DA491821F71100F31863 /* GTWSPARQLResultsJSONParser.m in Sources */ = {isa = PBXBuildFile; fileRef = 37C4DA471821F71100F31863 /* GTWSPARQLResultsJSONParser.m */; };
		37F96DBA17ACF86700235009 /* GTWBlockEnumerator.h in Headers */ = {isa = PBXBuildFile; fileRef = 37F96DB817ACF86700235009 /* GTWBlockEnumerator.h */; settings = {ATTRIBUTES = (Public, ); }; };
		37F96DBB17ACF86700235009 /* GTWBlockEnumerator.m in Sources */ = {isa = PBXBuildFile; fileRef = 37F96DB917ACF86700235009 /* GTWBlockEnumerator.m */; };
/* End PBXBuildFile section */

/* Begin PBXFileReference section */
		3710918417A9B8FB00BFAF43 /* GTWSWBase.framework */ = {isa = PBXFileReference; explicitFileType = wrapper.framework; includeInIndex = 0; path = GTWSWBase.framework; sourceTree = BUILT_PRODUCTS_DIR; };
		3710918C17A9B8FB00BFAF43 /* Foundation.framework */ = {isa = PBXFileReference; lastKnownFileType = wrapper.framework; name = Foundation.framework; path = System/Library/Frameworks/Foundation.framework; sourceTree = SDKROOT; };
		3710918F17A9B8FB00BFAF43 /* GTWSWBase-Info.plist */ = {isa = PBXFileReference; lastKnownFileType = text.plist.xml; path = "GTWSWBase-Info.plist"; sourceTree = "<group>"; };
		3710919117A9B8FB00BFAF43 /* en */ = {isa = PBXFileReference; lastKnownFileType = text.plist.strings; name = en; path = en.lproj/InfoPlist.strings; sourceTree = "<group>"; };
		3710919317A9B8FB00BFAF43 /* GTWSWBase-Prefix.pch */ = {isa = PBXFileReference; lastKnownFileType = sourcecode.c.h; path = "GTWSWBase-Prefix.pch"; sourceTree = "<group>"; };
		3710919417A9B8FB00BFAF43 /* GTWSWBase.h */ = {isa = PBXFileReference; lastKnownFileType = sourcecode.c.h; path = GTWSWBase.h; sourceTree = "<group>"; wrapsLines = 1; };
		371091A517A9B8FB00BFAF43 /* GTWSWBaseTests-Info.plist */ = {isa = PBXFileReference; lastKnownFileType = text.plist.xml; path = "GTWSWBaseTests-Info.plist"; sourceTree = "<group>"; };
		371091A717A9B8FB00BFAF43 /* en */ = {isa = PBXFileReference; lastKnownFileType = text.plist.strings; name = en; path = en.lproj/InfoPlist.strings; sourceTree = "<group>"; };
		371091A917A9B8FB00BFAF43 /* GTWSWBaseTests.h */ = {isa = PBXFileReference; lastKnownFileType = sourcecode.c.h; path = GTWSWBaseTests.h; sourceTree = "<group>"; };
		371091AA17A9B8FB00BFAF43 /* GTWSWBaseTests.m */ = {isa = PBXFileReference; lastKnownFileType = sourcecode.c.objc; path = GTWSWBaseTests.m; sourceTree = "<group>"; };
		371091B417AA8D3400BFAF43 /* GTWBlank.h */ = {isa = PBXFileReference; fileEncoding = 4; lastKnownFileType = sourcecode.c.h; path = GTWBlank.h; sourceTree = "<group>"; };
		371091B517AA8D3400BFAF43 /* GTWBlank.m */ = {isa = PBXFileReference; fileEncoding = 4; lastKnownFileType = sourcecode.c.objc; path = GTWBlank.m; sourceTree = "<group>"; };
		371091B617AA8D3400BFAF43 /* GTWDataset.h */ = {isa = PBXFileReference; fileEncoding = 4; lastKnownFileType = sourcecode.c.h; path = GTWDataset.h; sourceTree = "<group>"; };
		371091B717AA8D3400BFAF43 /* GTWDataset.m */ = {isa = PBXFileReference; fileEncoding = 4; lastKnownFileType = sourcecode.c.objc; path = GTWDataset.m; sourceTree = "<group>"; };
		371091B817AA8D3400BFAF43 /* GTWIRI.h */ = {isa = PBXFileReference; fileEncoding = 4; lastKnownFileType = sourcecode.c.h; path = GTWIRI.h; sourceTree = "<group>"; };
		371091B917AA8D3400BFAF43 /* GTWIRI.m */ = {isa = PBXFileReference; fileEncoding = 4; lastKnownFileType = sourcecode.c.objc; path = GTWIRI.m; sourceTree = "<group>"; };
		371091BA17AA8D3400BFAF43 /* GTWLiteral.h */ = {isa = PBXFileReference; fileEncoding = 4; lastKnownFileType = sourcecode.c.h; path = GTWLiteral.h; sourceTree = "<group>"; };
		371091BB17AA8D3400BFAF43 /* GTWLiteral.m */ = {isa = PBXFileReference; fileEncoding = 4; lastKnownFileType = sourcecode.c.objc; path = GTWLiteral.m; sourceTree = "<group>"; };
		371091BC17AA8D3400BFAF43 /* GTWModelBase.h */ = {isa = PBXFileReference; fileEncoding = 4; lastKnownFileType = sourcecode.c.h; path = GTWModelBase.h; sourceTree = "<group>"; };
		371091BD17AA8D3400BFAF43 /* GTWModelBase.m */ = {isa = PBXFileReference; fileEncoding = 4; lastKnownFileType = sourcecode.c.objc; path = GTWModelBase.m; sourceTree = "<group>"; };
		371091BE17AA8D3400BFAF43 /* GTWQuad.h */ = {isa = PBXFileReference; fileEncoding = 4; lastKnownFileType = sourcecode.c.h; path = GTWQuad.h; sourceTree = "<group>"; };
		371091BF17AA8D3400BFAF43 /* GTWQuad.m */ = {isa = PBXFileReference; fileEncoding = 4; lastKnownFileType = sourcecode.c.objc; path = GTWQuad.m; sourceTree = "<group>"; };
		371091C017AA8D3400BFAF43 /* GTWTriple.h */ = {isa = PBXFileReference; fileEncoding = 4; lastKnownFileType = sourcecode.c.h; path = GTWTriple.h; sourceTree = "<group>"; };
		371091C117AA8D3500BFAF43 /* GTWTriple.m */ = {isa = PBXFileReference; fileEncoding = 4; lastKnownFileType = sourcecode.c.objc; path = GTWTriple.m; sourceTree = "<group>"; };
		371091C217AA8D3500BFAF43 /* GTWVariable.h */ = {isa = PBXFileReference; fileEncoding = 4; lastKnownFileType = sourcecode.c.h; path = GTWVariable.h; sourceTree = "<group>"; };
		371091C317AA8D3500BFAF43 /* GTWVariable.m */ = {isa = PBXFileReference; fileEncoding = 4; lastKnownFileType = sourcecode.c.objc; path = GTWVariable.m; sourceTree = "<group>"; };
		371391CF180DC74E002D0535 /* GTWSPARQLResultsXMLParser.h */ = {isa = PBXFileReference; fileEncoding = 4; lastKnownFileType = sourcecode.c.h; path = GTWSPARQLResultsXMLParser.h; sourceTree = "<group>"; };
		371391D0180DC74E002D0535 /* GTWSPARQLResultsXMLParser.m */ = {isa = PBXFileReference; fileEncoding = 4; lastKnownFileType = sourcecode.c.objc; path = GTWSPARQLResultsXMLParser.m; sourceTree = "<group>"; };
		377C2B2C1835A8E000F4171E /* NSObject+GTWTerm.h */ = {isa = PBXFileReference; fileEncoding = 4; lastKnownFileType = sourcecode.c.h; path = "NSObject+GTWTerm.h"; sourceTree = "<group>"; };
		377C2B2D1835A8E000F4171E /* NSObject+GTWTerm.m */ = {isa = PBXFileReference; fileEncoding = 4; lastKnownFileType = sourcecode.c.objc; path = "NSObject+GTWTerm.m"; sourceTree = "<group>"; };
		3786AA1E17F0F686008663E9 /* GTWGraphIsomorphism.h */ = {isa = PBXFileReference; fileEncoding = 4; lastKnownFileType = sourcecode.c.h; path = GTWGraphIsomorphism.h; sourceTree = "<group>"; };
		3786AA1F17F0F686008663E9 /* GTWGraphIsomorphism.m */ = {isa = PBXFileReference; fileEncoding = 4; lastKnownFileType = sourcecode.c.objc; path = GTWGraphIsomorphism.m; sourceTree = "<group>"; };
		37B6359518343CB5006D15C0 /* IRI.h */ = {isa = PBXFileReference; fileEncoding = 4; lastKnownFileType = sourcecode.c.h; path = IRI.h; sourceTree = "<group>"; };
		37B6359618343CB5006D15C0 /* IRI.m */ = {isa = PBXFileReference; fileEncoding = 4; lastKnownFileType = sourcecode.c.objc; path = IRI.m; sourceTree = "<group>"; };
		37B6359D183493DD006D15C0 /* RegexKitLite.h */ = {isa = PBXFileReference; fileEncoding = 4; lastKnownFileType = sourcecode.c.h; path = RegexKitLite.h; sourceTree = "<group>"; };
		37B6359E183493DD006D15C0 /* RegexKitLite.m */ = {isa = PBXFileReference; fileEncoding = 4; lastKnownFileType = sourcecode.c.objc; path = RegexKitLite.m; sourceTree = "<group>"; };
		37B635A31834946E006D15C0 /* libicucore.dylib */ = {isa = PBXFileReference; lastKnownFileType = "compiled.mach-o.dylib"; name = libicucore.dylib; path = usr/lib/libicucore.dylib; sourceTree = SDKROOT; };
		37C4DA461821F71100F31863 /* GTWSPARQLResultsJSONParser.h */ = {isa = PBXFileReference; fileEncoding = 4; lastKnownFileType = sourcecode.c.h; path = GTWSPARQLResultsJSONParser.h; sourceTree = "<group>"; };
		37C4DA471821F71100F31863 /* GTWSPARQLResultsJSONParser.m */ = {isa = PBXFileReference; fileEncoding = 4; lastKnownFileType = sourcecode.c.objc; path = GTWSPARQLResultsJSONParser.m; sourceTree = "<group>"; };
		37F96DB817ACF86700235009 /* GTWBlockEnumerator.h */ = {isa = PBXFileReference; fileEncoding = 4; lastKnownFileType = sourcecode.c.h; path = GTWBlockEnumerator.h; sourceTree = "<group>"; };
		37F96DB917ACF86700235009 /* GTWBlockEnumerator.m */ = {isa = PBXFileReference; fileEncoding = 4; lastKnownFileType = sourcecode.c.objc; path = GTWBlockEnumerator.m; sourceTree = "<group>"; };
/* End PBXFileReference section */

/* Begin PBXFrameworksBuildPhase section */
		3710918017A9B8FB00BFAF43 /* Frameworks */ = {
			isa = PBXFrameworksBuildPhase;
			buildActionMask = 2147483647;
			files = (
				37B635A5183553BF006D15C0 /* libicucore.dylib in Frameworks */,
			);
			runOnlyForDeploymentPostprocessing = 0;
		};
/* End PBXFrameworksBuildPhase section */

/* Begin PBXGroup section */
		3710917A17A9B8FB00BFAF43 = {
			isa = PBXGroup;
			children = (
				3710918D17A9B8FB00BFAF43 /* GTWSWBase */,
				371091A317A9B8FB00BFAF43 /* GTWSWBaseTests */,
				3710918617A9B8FB00BFAF43 /* Frameworks */,
				3710918517A9B8FB00BFAF43 /* Products */,
			);
			sourceTree = "<group>";
		};
		3710918517A9B8FB00BFAF43 /* Products */ = {
			isa = PBXGroup;
			children = (
				3710918417A9B8FB00BFAF43 /* GTWSWBase.framework */,
			);
			name = Products;
			sourceTree = "<group>";
		};
		3710918617A9B8FB00BFAF43 /* Frameworks */ = {
			isa = PBXGroup;
			children = (
				37B635A31834946E006D15C0 /* libicucore.dylib */,
				3710918C17A9B8FB00BFAF43 /* Foundation.framework */,
			);
			name = Frameworks;
			sourceTree = "<group>";
		};
		3710918D17A9B8FB00BFAF43 /* GTWSWBase */ = {
			isa = PBXGroup;
			children = (
				3710919417A9B8FB00BFAF43 /* GTWSWBase.h */,
				3798F17B17B0FB7600C9A1B6 /* Nodes and Terms */,
				3798F17C17B0FB8200C9A1B6 /* Statements */,
				3798F17E17B0FBB700C9A1B6 /* Base Classes */,
				3798F17D17B0FB8F00C9A1B6 /* Utility Classes */,
				3710918E17A9B8FB00BFAF43 /* Supporting Files */,
				371091B617AA8D3400BFAF43 /* GTWDataset.h */,
				371091B717AA8D3400BFAF43 /* GTWDataset.m */,
				371391D4180DC752002D0535 /* Parsers */,
			);
			path = GTWSWBase;
			sourceTree = "<group>";
		};
		3710918E17A9B8FB00BFAF43 /* Supporting Files */ = {
			isa = PBXGroup;
			children = (
				3710918F17A9B8FB00BFAF43 /* GTWSWBase-Info.plist */,
				3710919017A9B8FB00BFAF43 /* InfoPlist.strings */,
				3710919317A9B8FB00BFAF43 /* GTWSWBase-Prefix.pch */,
			);
			name = "Supporting Files";
			sourceTree = "<group>";
		};
		371091A317A9B8FB00BFAF43 /* GTWSWBaseTests */ = {
			isa = PBXGroup;
			children = (
				371091A917A9B8FB00BFAF43 /* GTWSWBaseTests.h */,
				371091AA17A9B8FB00BFAF43 /* GTWSWBaseTests.m */,
				371091A417A9B8FB00BFAF43 /* Supporting Files */,
			);
			path = GTWSWBaseTests;
			sourceTree = "<group>";
		};
		371091A417A9B8FB00BFAF43 /* Supporting Files */ = {
			isa = PBXGroup;
			children = (
				371091A517A9B8FB00BFAF43 /* GTWSWBaseTests-Info.plist */,
				371091A617A9B8FB00BFAF43 /* InfoPlist.strings */,
			);
			name = "Supporting Files";
			sourceTree = "<group>";
		};
		371391D4180DC752002D0535 /* Parsers */ = {
			isa = PBXGroup;
			children = (
				371391CF180DC74E002D0535 /* GTWSPARQLResultsXMLParser.h */,
				371391D0180DC74E002D0535 /* GTWSPARQLResultsXMLParser.m */,
				37C4DA461821F71100F31863 /* GTWSPARQLResultsJSONParser.h */,
				37C4DA471821F71100F31863 /* GTWSPARQLResultsJSONParser.m */,
			);
			name = Parsers;
			sourceTree = "<group>";
		};
		3798F17B17B0FB7600C9A1B6 /* Nodes and Terms */ = {
			isa = PBXGroup;
			children = (
				371091B417AA8D3400BFAF43 /* GTWBlank.h */,
				371091B517AA8D3400BFAF43 /* GTWBlank.m */,
				371091B817AA8D3400BFAF43 /* GTWIRI.h */,
				371091B917AA8D3400BFAF43 /* GTWIRI.m */,
				371091BA17AA8D3400BFAF43 /* GTWLiteral.h */,
				371091BB17AA8D3400BFAF43 /* GTWLiteral.m */,
				371091C217AA8D3500BFAF43 /* GTWVariable.h */,
				371091C317AA8D3500BFAF43 /* GTWVariable.m */,
				377C2B2C1835A8E000F4171E /* NSObject+GTWTerm.h */,
				377C2B2D1835A8E000F4171E /* NSObject+GTWTerm.m */,
			);
			name = "Nodes and Terms";
			sourceTree = "<group>";
		};
		3798F17C17B0FB8200C9A1B6 /* Statements */ = {
			isa = PBXGroup;
			children = (
				371091BE17AA8D3400BFAF43 /* GTWQuad.h */,
				371091BF17AA8D3400BFAF43 /* GTWQuad.m */,
				371091C017AA8D3400BFAF43 /* GTWTriple.h */,
				371091C117AA8D3500BFAF43 /* GTWTriple.m */,
			);
			name = Statements;
			sourceTree = "<group>";
		};
		3798F17D17B0FB8F00C9A1B6 /* Utility Classes */ = {
			isa = PBXGroup;
			children = (
				37F96DB817ACF86700235009 /* GTWBlockEnumerator.h */,
				37F96DB917ACF86700235009 /* GTWBlockEnumerator.m */,
				3786AA1E17F0F686008663E9 /* GTWGraphIsomorphism.h */,
				3786AA1F17F0F686008663E9 /* GTWGraphIsomorphism.m */,
				37B6359518343CB5006D15C0 /* IRI.h */,
				37B6359618343CB5006D15C0 /* IRI.m */,
				37B6359D183493DD006D15C0 /* RegexKitLite.h */,
				37B6359E183493DD006D15C0 /* RegexKitLite.m */,
			);
			name = "Utility Classes";
			sourceTree = "<group>";
		};
		3798F17E17B0FBB700C9A1B6 /* Base Classes */ = {
			isa = PBXGroup;
			children = (
				371091BC17AA8D3400BFAF43 /* GTWModelBase.h */,
				371091BD17AA8D3400BFAF43 /* GTWModelBase.m */,
			);
			name = "Base Classes";
			sourceTree = "<group>";
		};
/* End PBXGroup section */

/* Begin PBXHeadersBuildPhase section */
		3710918117A9B8FB00BFAF43 /* Headers */ = {
			isa = PBXHeadersBuildPhase;
			buildActionMask = 2147483647;
			files = (
				371091E517AA90EA00BFAF43 /* GTWSWBase.h in Headers */,
				371091D017AA8D3500BFAF43 /* GTWModelBase.h in Headers */,
				371091C417AA8D3500BFAF43 /* GTWBlank.h in Headers */,
				371091C717AA8D3500BFAF43 /* GTWDataset.h in Headers */,
				371091CA17AA8D3500BFAF43 /* GTWIRI.h in Headers */,
				371091CD17AA8D3500BFAF43 /* GTWLiteral.h in Headers */,
				371091D317AA8D3500BFAF43 /* GTWQuad.h in Headers */,
				37B6359F183493DD006D15C0 /* RegexKitLite.h in Headers */,
				37F96DBA17ACF86700235009 /* GTWBlockEnumerator.h in Headers */,
				371091D617AA8D3500BFAF43 /* GTWTriple.h in Headers */,
				377C2B2E1835A8E000F4171E /* NSObject+GTWTerm.h in Headers */,
				3786AA2017F0F686008663E9 /* GTWGraphIsomorphism.h in Headers */,
				37C4DA481821F71100F31863 /* GTWSPARQLResultsJSONParser.h in Headers */,
				371391D1180DC74E002D0535 /* GTWSPARQLResultsXMLParser.h in Headers */,
				371091D917AA8D3500BFAF43 /* GTWVariable.h in Headers */,
				37B6359718343CB5006D15C0 /* IRI.h in Headers */,
			);
			runOnlyForDeploymentPostprocessing = 0;
		};
/* End PBXHeadersBuildPhase section */

/* Begin PBXNativeTarget section */
		3710918317A9B8FB00BFAF43 /* GTWSWBase */ = {
			isa = PBXNativeTarget;
			buildConfigurationList = 371091AE17A9B8FB00BFAF43 /* Build configuration list for PBXNativeTarget "GTWSWBase" */;
			buildPhases = (
				3710917F17A9B8FB00BFAF43 /* Sources */,
				3710918017A9B8FB00BFAF43 /* Frameworks */,
				3710918117A9B8FB00BFAF43 /* Headers */,
				3710918217A9B8FB00BFAF43 /* Resources */,
			);
			buildRules = (
			);
			dependencies = (
			);
			name = GTWSWBase;
			productName = GTWSWBase;
			productReference = 3710918417A9B8FB00BFAF43 /* GTWSWBase.framework */;
			productType = "com.apple.product-type.framework";
		};
/* End PBXNativeTarget section */

/* Begin PBXProject section */
		3710917B17A9B8FB00BFAF43 /* Project object */ = {
			isa = PBXProject;
			attributes = {
				LastUpgradeCheck = 0500;
				ORGANIZATIONNAME = "Gregory Todd Williams";
			};
			buildConfigurationList = 3710917E17A9B8FB00BFAF43 /* Build configuration list for PBXProject "GTWSWBase" */;
			compatibilityVersion = "Xcode 3.2";
			developmentRegion = English;
			hasScannedForEncodings = 0;
			knownRegions = (
				en,
			);
			mainGroup = 3710917A17A9B8FB00BFAF43;
			productRefGroup = 3710918517A9B8FB00BFAF43 /* Products */;
			projectDirPath = "";
			projectRoot = "";
			targets = (
				3710918317A9B8FB00BFAF43 /* GTWSWBase */,
			);
		};
/* End PBXProject section */

/* Begin PBXResourcesBuildPhase section */
		3710918217A9B8FB00BFAF43 /* Resources */ = {
			isa = PBXResourcesBuildPhase;
			buildActionMask = 2147483647;
			files = (
				3710919217A9B8FB00BFAF43 /* InfoPlist.strings in Resources */,
			);
			runOnlyForDeploymentPostprocessing = 0;
		};
/* End PBXResourcesBuildPhase section */

/* Begin PBXSourcesBuildPhase section */
		3710917F17A9B8FB00BFAF43 /* Sources */ = {
			isa = PBXSourcesBuildPhase;
			buildActionMask = 2147483647;
			files = (
				37B635A0183493DD006D15C0 /* RegexKitLite.m in Sources */,
				371091C517AA8D3500BFAF43 /* GTWBlank.m in Sources */,
				371091C817AA8D3500BFAF43 /* GTWDataset.m in Sources */,
				371091CB17AA8D3500BFAF43 /* GTWIRI.m in Sources */,
				371091CE17AA8D3500BFAF43 /* GTWLiteral.m in Sources */,
				371091D117AA8D3500BFAF43 /* GTWModelBase.m in Sources */,
				37B6359818343CB5006D15C0 /* IRI.m in Sources */,
				37C4DA491821F71100F31863 /* GTWSPARQLResultsJSONParser.m in Sources */,
				371091D417AA8D3500BFAF43 /* GTWQuad.m in Sources */,
				371391D2180DC74E002D0535 /* GTWSPARQLResultsXMLParser.m in Sources */,
				371091D717AA8D3500BFAF43 /* GTWTriple.m in Sources */,
				371091DA17AA8D3500BFAF43 /* GTWVariable.m in Sources */,
				3786AA2117F0F686008663E9 /* GTWGraphIsomorphism.m in Sources */,
				37F96DBB17ACF86700235009 /* GTWBlockEnumerator.m in Sources */,
				377C2B2F1835A8E000F4171E /* NSObject+GTWTerm.m in Sources */,
			);
			runOnlyForDeploymentPostprocessing = 0;
		};
/* End PBXSourcesBuildPhase section */

/* Begin PBXVariantGroup section */
		3710919017A9B8FB00BFAF43 /* InfoPlist.strings */ = {
			isa = PBXVariantGroup;
			children = (
				3710919117A9B8FB00BFAF43 /* en */,
			);
			name = InfoPlist.strings;
			sourceTree = "<group>";
		};
		371091A617A9B8FB00BFAF43 /* InfoPlist.strings */ = {
			isa = PBXVariantGroup;
			children = (
				371091A717A9B8FB00BFAF43 /* en */,
			);
			name = InfoPlist.strings;
			sourceTree = "<group>";
		};
/* End PBXVariantGroup section */

/* Begin XCBuildConfiguration section */
		371091AC17A9B8FB00BFAF43 /* Debug */ = {
			isa = XCBuildConfiguration;
			buildSettings = {
				ALWAYS_SEARCH_USER_PATHS = NO;
				CLANG_CXX_LANGUAGE_STANDARD = "gnu++0x";
				CLANG_CXX_LIBRARY = "libc++";
				CLANG_ENABLE_OBJC_ARC = YES;
				CLANG_WARN_CONSTANT_CONVERSION = YES;
				CLANG_WARN_EMPTY_BODY = YES;
				CLANG_WARN_ENUM_CONVERSION = YES;
				CLANG_WARN_INT_CONVERSION = YES;
				CLANG_WARN__DUPLICATE_METHOD_MATCH = YES;
				COPY_PHASE_STRIP = NO;
				GCC_C_LANGUAGE_STANDARD = gnu99;
				GCC_DYNAMIC_NO_PIC = NO;
				GCC_ENABLE_OBJC_EXCEPTIONS = YES;
				GCC_OPTIMIZATION_LEVEL = 0;
				GCC_PREPROCESSOR_DEFINITIONS = (
					"DEBUG=1",
					"$(inherited)",
				);
				GCC_SYMBOLS_PRIVATE_EXTERN = NO;
				GCC_WARN_64_TO_32_BIT_CONVERSION = YES;
				GCC_WARN_ABOUT_RETURN_TYPE = YES;
				GCC_WARN_UNINITIALIZED_AUTOS = YES;
				GCC_WARN_UNUSED_VARIABLE = YES;
				MACOSX_DEPLOYMENT_TARGET = 10.8;
				ONLY_ACTIVE_ARCH = YES;
				SDKROOT = macosx;
			};
			name = Debug;
		};
		371091AD17A9B8FB00BFAF43 /* Release */ = {
			isa = XCBuildConfiguration;
			buildSettings = {
				ALWAYS_SEARCH_USER_PATHS = NO;
				CLANG_CXX_LANGUAGE_STANDARD = "gnu++0x";
				CLANG_CXX_LIBRARY = "libc++";
				CLANG_ENABLE_OBJC_ARC = YES;
				CLANG_WARN_CONSTANT_CONVERSION = YES;
				CLANG_WARN_EMPTY_BODY = YES;
				CLANG_WARN_ENUM_CONVERSION = YES;
				CLANG_WARN_INT_CONVERSION = YES;
				CLANG_WARN__DUPLICATE_METHOD_MATCH = YES;
				COPY_PHASE_STRIP = YES;
				DEBUG_INFORMATION_FORMAT = "dwarf-with-dsym";
				GCC_C_LANGUAGE_STANDARD = gnu99;
				GCC_ENABLE_OBJC_EXCEPTIONS = YES;
				GCC_WARN_64_TO_32_BIT_CONVERSION = YES;
				GCC_WARN_ABOUT_RETURN_TYPE = YES;
				GCC_WARN_UNINITIALIZED_AUTOS = YES;
				GCC_WARN_UNUSED_VARIABLE = YES;
				MACOSX_DEPLOYMENT_TARGET = 10.8;
				SDKROOT = macosx;
			};
			name = Release;
		};
		371091AF17A9B8FB00BFAF43 /* Debug */ = {
			isa = XCBuildConfiguration;
			buildSettings = {
				COMBINE_HIDPI_IMAGES = YES;
				DEPLOYMENT_LOCATION = YES;
				DSTROOT = /;
				DYLIB_COMPATIBILITY_VERSION = 1;
				DYLIB_CURRENT_VERSION = 1;
				FRAMEWORK_VERSION = A;
				GCC_PRECOMPILE_PREFIX_HEADER = YES;
				GCC_PREFIX_HEADER = "GTWSWBase/GTWSWBase-Prefix.pch";
				INFOPLIST_FILE = "GTWSWBase/GTWSWBase-Info.plist";
				INSTALL_PATH = "$(USER_LIBRARY_DIR)/Frameworks";
				PRODUCT_NAME = "$(TARGET_NAME)";
				WRAPPER_EXTENSION = framework;
			};
			name = Debug;
		};
		371091B017A9B8FB00BFAF43 /* Release */ = {
			isa = XCBuildConfiguration;
			buildSettings = {
				COMBINE_HIDPI_IMAGES = YES;
				DEPLOYMENT_LOCATION = YES;
				DSTROOT = /;
				DYLIB_COMPATIBILITY_VERSION = 1;
				DYLIB_CURRENT_VERSION = 1;
				FRAMEWORK_VERSION = A;
				GCC_PRECOMPILE_PREFIX_HEADER = YES;
				GCC_PREFIX_HEADER = "GTWSWBase/GTWSWBase-Prefix.pch";
				INFOPLIST_FILE = "GTWSWBase/GTWSWBase-Info.plist";
				INSTALL_PATH = "$(USER_LIBRARY_DIR)/Frameworks";
				PRODUCT_NAME = "$(TARGET_NAME)";
				WRAPPER_EXTENSION = framework;
			};
			name = Release;
		};
/* End XCBuildConfiguration section */

/* Begin XCConfigurationList section */
		3710917E17A9B8FB00BFAF43 /* Build configuration list for PBXProject "GTWSWBase" */ = {
			isa = XCConfigurationList;
			buildConfigurations = (
				371091AC17A9B8FB00BFAF43 /* Debug */,
				371091AD17A9B8FB00BFAF43 /* Release */,
			);
			defaultConfigurationIsVisible = 0;
			defaultConfigurationName = Release;
		};
		371091AE17A9B8FB00BFAF43 /* Build configuration list for PBXNativeTarget "GTWSWBase" */ = {
			isa = XCConfigurationList;
			buildConfigurations = (
				371091AF17A9B8FB00BFAF43 /* Debug */,
				371091B017A9B8FB00BFAF43 /* Release */,
			);
			defaultConfigurationIsVisible = 0;
			defaultConfigurationName = Release;
		};
/* End XCConfigurationList section */
	};
	rootObject = 3710917B17A9B8FB00BFAF43 /* Project object */;
}
