// !$*UTF8*$!
{
	archiveVersion = 1;
	classes = {
	};
	objectVersion = 46;
	objects = {

/* Begin PBXBuildFile section */
		3710918817A9B8FB00BFAF43 /* Cocoa.framework in Frameworks */ = {isa = PBXBuildFile; fileRef = 3710918717A9B8FB00BFAF43 /* Cocoa.framework */; };
		3710919217A9B8FB00BFAF43 /* InfoPlist.strings in Resources */ = {isa = PBXBuildFile; fileRef = 3710919017A9B8FB00BFAF43 /* InfoPlist.strings */; };
		3710919617A9B8FB00BFAF43 /* GTWSWBase.m in Sources */ = {isa = PBXBuildFile; fileRef = 3710919517A9B8FB00BFAF43 /* GTWSWBase.m */; };
		3710919E17A9B8FB00BFAF43 /* SenTestingKit.framework in Frameworks */ = {isa = PBXBuildFile; fileRef = 3710919D17A9B8FB00BFAF43 /* SenTestingKit.framework */; };
		3710919F17A9B8FB00BFAF43 /* Cocoa.framework in Frameworks */ = {isa = PBXBuildFile; fileRef = 3710918717A9B8FB00BFAF43 /* Cocoa.framework */; };
		371091A217A9B8FB00BFAF43 /* GTWSWBase.framework in Frameworks */ = {isa = PBXBuildFile; fileRef = 3710918417A9B8FB00BFAF43 /* GTWSWBase.framework */; };
		371091A817A9B8FB00BFAF43 /* InfoPlist.strings in Resources */ = {isa = PBXBuildFile; fileRef = 371091A617A9B8FB00BFAF43 /* InfoPlist.strings */; };
		371091AB17A9B8FB00BFAF43 /* GTWSWBaseTests.m in Sources */ = {isa = PBXBuildFile; fileRef = 371091AA17A9B8FB00BFAF43 /* GTWSWBaseTests.m */; };
/* End PBXBuildFile section */

/* Begin PBXContainerItemProxy section */
		371091A017A9B8FB00BFAF43 /* PBXContainerItemProxy */ = {
			isa = PBXContainerItemProxy;
			containerPortal = 3710917B17A9B8FB00BFAF43 /* Project object */;
			proxyType = 1;
			remoteGlobalIDString = 3710918317A9B8FB00BFAF43;
			remoteInfo = GTWSWBase;
		};
/* End PBXContainerItemProxy section */

/* Begin PBXFileReference section */
		3710918417A9B8FB00BFAF43 /* GTWSWBase.framework */ = {isa = PBXFileReference; explicitFileType = wrapper.framework; includeInIndex = 0; path = GTWSWBase.framework; sourceTree = BUILT_PRODUCTS_DIR; };
		3710918717A9B8FB00BFAF43 /* Cocoa.framework */ = {isa = PBXFileReference; lastKnownFileType = wrapper.framework; name = Cocoa.framework; path = System/Library/Frameworks/Cocoa.framework; sourceTree = SDKROOT; };
		3710918A17A9B8FB00BFAF43 /* AppKit.framework */ = {isa = PBXFileReference; lastKnownFileType = wrapper.framework; name = AppKit.framework; path = System/Library/Frameworks/AppKit.framework; sourceTree = SDKROOT; };
		3710918B17A9B8FB00BFAF43 /* CoreData.framework */ = {isa = PBXFileReference; lastKnownFileType = wrapper.framework; name = CoreData.framework; path = System/Library/Frameworks/CoreData.framework; sourceTree = SDKROOT; };
		3710918C17A9B8FB00BFAF43 /* Foundation.framework */ = {isa = PBXFileReference; lastKnownFileType = wrapper.framework; name = Foundation.framework; path = System/Library/Frameworks/Foundation.framework; sourceTree = SDKROOT; };
		3710918F17A9B8FB00BFAF43 /* GTWSWBase-Info.plist */ = {isa = PBXFileReference; lastKnownFileType = text.plist.xml; path = "GTWSWBase-Info.plist"; sourceTree = "<group>"; };
		3710919117A9B8FB00BFAF43 /* en */ = {isa = PBXFileReference; lastKnownFileType = text.plist.strings; name = en; path = en.lproj/InfoPlist.strings; sourceTree = "<group>"; };
		3710919317A9B8FB00BFAF43 /* GTWSWBase-Prefix.pch */ = {isa = PBXFileReference; lastKnownFileType = sourcecode.c.h; path = "GTWSWBase-Prefix.pch"; sourceTree = "<group>"; };
		3710919417A9B8FB00BFAF43 /* GTWSWBase.h */ = {isa = PBXFileReference; lastKnownFileType = sourcecode.c.h; path = GTWSWBase.h; sourceTree = "<group>"; };
		3710919517A9B8FB00BFAF43 /* GTWSWBase.m */ = {isa = PBXFileReference; lastKnownFileType = sourcecode.c.objc; path = GTWSWBase.m; sourceTree = "<group>"; };
		3710919C17A9B8FB00BFAF43 /* GTWSWBaseTests.octest */ = {isa = PBXFileReference; explicitFileType = wrapper.cfbundle; includeInIndex = 0; path = GTWSWBaseTests.octest; sourceTree = BUILT_PRODUCTS_DIR; };
		3710919D17A9B8FB00BFAF43 /* SenTestingKit.framework */ = {isa = PBXFileReference; lastKnownFileType = wrapper.framework; name = SenTestingKit.framework; path = Library/Frameworks/SenTestingKit.framework; sourceTree = DEVELOPER_DIR; };
		371091A517A9B8FB00BFAF43 /* GTWSWBaseTests-Info.plist */ = {isa = PBXFileReference; lastKnownFileType = text.plist.xml; path = "GTWSWBaseTests-Info.plist"; sourceTree = "<group>"; };
		371091A717A9B8FB00BFAF43 /* en */ = {isa = PBXFileReference; lastKnownFileType = text.plist.strings; name = en; path = en.lproj/InfoPlist.strings; sourceTree = "<group>"; };
		371091A917A9B8FB00BFAF43 /* GTWSWBaseTests.h */ = {isa = PBXFileReference; lastKnownFileType = sourcecode.c.h; path = GTWSWBaseTests.h; sourceTree = "<group>"; };
		371091AA17A9B8FB00BFAF43 /* GTWSWBaseTests.m */ = {isa = PBXFileReference; lastKnownFileType = sourcecode.c.objc; path = GTWSWBaseTests.m; sourceTree = "<group>"; };
/* End PBXFileReference section */

/* Begin PBXFrameworksBuildPhase section */
		3710918017A9B8FB00BFAF43 /* Frameworks */ = {
			isa = PBXFrameworksBuildPhase;
			buildActionMask = 2147483647;
			files = (
				3710918817A9B8FB00BFAF43 /* Cocoa.framework in Frameworks */,
			);
			runOnlyForDeploymentPostprocessing = 0;
		};
		3710919817A9B8FB00BFAF43 /* Frameworks */ = {
			isa = PBXFrameworksBuildPhase;
			buildActionMask = 2147483647;
			files = (
				3710919E17A9B8FB00BFAF43 /* SenTestingKit.framework in Frameworks */,
				3710919F17A9B8FB00BFAF43 /* Cocoa.framework in Frameworks */,
				371091A217A9B8FB00BFAF43 /* GTWSWBase.framework in Frameworks */,
			);
			runOnlyForDeploymentPostprocessing = 0;
		};
/* End PBXFrameworksBuildPhase section */

/* Begin PBXGroup section */
		3710917A17A9B8FB00BFAF43 = {
			isa = PBXGroup;
			children = (
				3710918D17A9B8FB00BFAF43 /* GTWSWBase */,
				371091A317A9B8FB00BFAF43 /* GTWSWBaseTests */,
				3710918617A9B8FB00BFAF43 /* Frameworks */,
				3710918517A9B8FB00BFAF43 /* Products */,
			);
			sourceTree = "<group>";
		};
		3710918517A9B8FB00BFAF43 /* Products */ = {
			isa = PBXGroup;
			children = (
				3710918417A9B8FB00BFAF43 /* GTWSWBase.framework */,
				3710919C17A9B8FB00BFAF43 /* GTWSWBaseTests.octest */,
			);
			name = Products;
			sourceTree = "<group>";
		};
		3710918617A9B8FB00BFAF43 /* Frameworks */ = {
			isa = PBXGroup;
			children = (
				3710918717A9B8FB00BFAF43 /* Cocoa.framework */,
				3710919D17A9B8FB00BFAF43 /* SenTestingKit.framework */,
				3710918917A9B8FB00BFAF43 /* Other Frameworks */,
			);
			name = Frameworks;
			sourceTree = "<group>";
		};
		3710918917A9B8FB00BFAF43 /* Other Frameworks */ = {
			isa = PBXGroup;
			children = (
				3710918A17A9B8FB00BFAF43 /* AppKit.framework */,
				3710918B17A9B8FB00BFAF43 /* CoreData.framework */,
				3710918C17A9B8FB00BFAF43 /* Foundation.framework */,
			);
			name = "Other Frameworks";
			sourceTree = "<group>";
		};
		3710918D17A9B8FB00BFAF43 /* GTWSWBase */ = {
			isa = PBXGroup;
			children = (
				3710919417A9B8FB00BFAF43 /* GTWSWBase.h */,
				3710919517A9B8FB00BFAF43 /* GTWSWBase.m */,
				3710918E17A9B8FB00BFAF43 /* Supporting Files */,
			);
			path = GTWSWBase;
			sourceTree = "<group>";
		};
		3710918E17A9B8FB00BFAF43 /* Supporting Files */ = {
			isa = PBXGroup;
			children = (
				3710918F17A9B8FB00BFAF43 /* GTWSWBase-Info.plist */,
				3710919017A9B8FB00BFAF43 /* InfoPlist.strings */,
				3710919317A9B8FB00BFAF43 /* GTWSWBase-Prefix.pch */,
			);
			name = "Supporting Files";
			sourceTree = "<group>";
		};
		371091A317A9B8FB00BFAF43 /* GTWSWBaseTests */ = {
			isa = PBXGroup;
			children = (
				371091A917A9B8FB00BFAF43 /* GTWSWBaseTests.h */,
				371091AA17A9B8FB00BFAF43 /* GTWSWBaseTests.m */,
				371091A417A9B8FB00BFAF43 /* Supporting Files */,
			);
			path = GTWSWBaseTests;
			sourceTree = "<group>";
		};
		371091A417A9B8FB00BFAF43 /* Supporting Files */ = {
			isa = PBXGroup;
			children = (
				371091A517A9B8FB00BFAF43 /* GTWSWBaseTests-Info.plist */,
				371091A617A9B8FB00BFAF43 /* InfoPlist.strings */,
			);
			name = "Supporting Files";
			sourceTree = "<group>";
		};
/* End PBXGroup section */

/* Begin PBXHeadersBuildPhase section */
		3710918117A9B8FB00BFAF43 /* Headers */ = {
			isa = PBXHeadersBuildPhase;
			buildActionMask = 2147483647;
			files = (
			);
			runOnlyForDeploymentPostprocessing = 0;
		};
/* End PBXHeadersBuildPhase section */

/* Begin PBXNativeTarget section */
		3710918317A9B8FB00BFAF43 /* GTWSWBase */ = {
			isa = PBXNativeTarget;
			buildConfigurationList = 371091AE17A9B8FB00BFAF43 /* Build configuration list for PBXNativeTarget "GTWSWBase" */;
			buildPhases = (
				3710917F17A9B8FB00BFAF43 /* Sources */,
				3710918017A9B8FB00BFAF43 /* Frameworks */,
				3710918117A9B8FB00BFAF43 /* Headers */,
				3710918217A9B8FB00BFAF43 /* Resources */,
			);
			buildRules = (
			);
			dependencies = (
			);
			name = GTWSWBase;
			productName = GTWSWBase;
			productReference = 3710918417A9B8FB00BFAF43 /* GTWSWBase.framework */;
			productType = "com.apple.product-type.framework";
		};
		3710919B17A9B8FB00BFAF43 /* GTWSWBaseTests */ = {
			isa = PBXNativeTarget;
			buildConfigurationList = 371091B117A9B8FB00BFAF43 /* Build configuration list for PBXNativeTarget "GTWSWBaseTests" */;
			buildPhases = (
				3710919717A9B8FB00BFAF43 /* Sources */,
				3710919817A9B8FB00BFAF43 /* Frameworks */,
				3710919917A9B8FB00BFAF43 /* Resources */,
				3710919A17A9B8FB00BFAF43 /* ShellScript */,
			);
			buildRules = (
			);
			dependencies = (
				371091A117A9B8FB00BFAF43 /* PBXTargetDependency */,
			);
			name = GTWSWBaseTests;
			productName = GTWSWBaseTests;
			productReference = 3710919C17A9B8FB00BFAF43 /* GTWSWBaseTests.octest */;
			productType = "com.apple.product-type.bundle";
		};
/* End PBXNativeTarget section */

/* Begin PBXProject section */
		3710917B17A9B8FB00BFAF43 /* Project object */ = {
			isa = PBXProject;
			attributes = {
				LastUpgradeCheck = 0460;
				ORGANIZATIONNAME = "Gregory Todd Williams";
			};
			buildConfigurationList = 3710917E17A9B8FB00BFAF43 /* Build configuration list for PBXProject "GTWSWBase" */;
			compatibilityVersion = "Xcode 3.2";
			developmentRegion = English;
			hasScannedForEncodings = 0;
			knownRegions = (
				en,
			);
			mainGroup = 3710917A17A9B8FB00BFAF43;
			productRefGroup = 3710918517A9B8FB00BFAF43 /* Products */;
			projectDirPath = "";
			projectRoot = "";
			targets = (
				3710918317A9B8FB00BFAF43 /* GTWSWBase */,
				3710919B17A9B8FB00BFAF43 /* GTWSWBaseTests */,
			);
		};
/* End PBXProject section */

/* Begin PBXResourcesBuildPhase section */
		3710918217A9B8FB00BFAF43 /* Resources */ = {
			isa = PBXResourcesBuildPhase;
			buildActionMask = 2147483647;
			files = (
				3710919217A9B8FB00BFAF43 /* InfoPlist.strings in Resources */,
			);
			runOnlyForDeploymentPostprocessing = 0;
		};
		3710919917A9B8FB00BFAF43 /* Resources */ = {
			isa = PBXResourcesBuildPhase;
			buildActionMask = 2147483647;
			files = (
				371091A817A9B8FB00BFAF43 /* InfoPlist.strings in Resources */,
			);
			runOnlyForDeploymentPostprocessing = 0;
		};
/* End PBXResourcesBuildPhase section */

/* Begin PBXShellScriptBuildPhase section */
		3710919A17A9B8FB00BFAF43 /* ShellScript */ = {
			isa = PBXShellScriptBuildPhase;
			buildActionMask = 2147483647;
			files = (
			);
			inputPaths = (
			);
			outputPaths = (
			);
			runOnlyForDeploymentPostprocessing = 0;
			shellPath = /bin/sh;
			shellScript = "# Run the unit tests in this test bundle.\n\"${SYSTEM_DEVELOPER_DIR}/Tools/RunUnitTests\"\n";
		};
/* End PBXShellScriptBuildPhase section */

/* Begin PBXSourcesBuildPhase section */
		3710917F17A9B8FB00BFAF43 /* Sources */ = {
			isa = PBXSourcesBuildPhase;
			buildActionMask = 2147483647;
			files = (
				3710919617A9B8FB00BFAF43 /* GTWSWBase.m in Sources */,
			);
			runOnlyForDeploymentPostprocessing = 0;
		};
		3710919717A9B8FB00BFAF43 /* Sources */ = {
			isa = PBXSourcesBuildPhase;
			buildActionMask = 2147483647;
			files = (
				371091AB17A9B8FB00BFAF43 /* GTWSWBaseTests.m in Sources */,
			);
			runOnlyForDeploymentPostprocessing = 0;
		};
/* End PBXSourcesBuildPhase section */

/* Begin PBXTargetDependency section */
		371091A117A9B8FB00BFAF43 /* PBXTargetDependency */ = {
			isa = PBXTargetDependency;
			target = 3710918317A9B8FB00BFAF43 /* GTWSWBase */;
			targetProxy = 371091A017A9B8FB00BFAF43 /* PBXContainerItemProxy */;
		};
/* End PBXTargetDependency section */

/* Begin PBXVariantGroup section */
		3710919017A9B8FB00BFAF43 /* InfoPlist.strings */ = {
			isa = PBXVariantGroup;
			children = (
				3710919117A9B8FB00BFAF43 /* en */,
			);
			name = InfoPlist.strings;
			sourceTree = "<group>";
		};
		371091A617A9B8FB00BFAF43 /* InfoPlist.strings */ = {
			isa = PBXVariantGroup;
			children = (
				371091A717A9B8FB00BFAF43 /* en */,
			);
			name = InfoPlist.strings;
			sourceTree = "<group>";
		};
/* End PBXVariantGroup section */

/* Begin XCBuildConfiguration section */
		371091AC17A9B8FB00BFAF43 /* Debug */ = {
			isa = XCBuildConfiguration;
			buildSettings = {
				ALWAYS_SEARCH_USER_PATHS = NO;
				ARCHS = "$(ARCHS_STANDARD_64_BIT)";
				CLANG_CXX_LANGUAGE_STANDARD = "gnu++0x";
				CLANG_CXX_LIBRARY = "libc++";
				CLANG_ENABLE_OBJC_ARC = YES;
				CLANG_WARN_CONSTANT_CONVERSION = YES;
				CLANG_WARN_EMPTY_BODY = YES;
				CLANG_WARN_ENUM_CONVERSION = YES;
				CLANG_WARN_INT_CONVERSION = YES;
				CLANG_WARN__DUPLICATE_METHOD_MATCH = YES;
				COPY_PHASE_STRIP = NO;
				GCC_C_LANGUAGE_STANDARD = gnu99;
				GCC_DYNAMIC_NO_PIC = NO;
				GCC_ENABLE_OBJC_EXCEPTIONS = YES;
				GCC_OPTIMIZATION_LEVEL = 0;
				GCC_PREPROCESSOR_DEFINITIONS = (
					"DEBUG=1",
					"$(inherited)",
				);
				GCC_SYMBOLS_PRIVATE_EXTERN = NO;
				GCC_WARN_64_TO_32_BIT_CONVERSION = YES;
				GCC_WARN_ABOUT_RETURN_TYPE = YES;
				GCC_WARN_UNINITIALIZED_AUTOS = YES;
				GCC_WARN_UNUSED_VARIABLE = YES;
				MACOSX_DEPLOYMENT_TARGET = 10.8;
				ONLY_ACTIVE_ARCH = YES;
				SDKROOT = macosx;
			};
			name = Debug;
		};
		371091AD17A9B8FB00BFAF43 /* Release */ = {
			isa = XCBuildConfiguration;
			buildSettings = {
				ALWAYS_SEARCH_USER_PATHS = NO;
				ARCHS = "$(ARCHS_STANDARD_64_BIT)";
				CLANG_CXX_LANGUAGE_STANDARD = "gnu++0x";
				CLANG_CXX_LIBRARY = "libc++";
				CLANG_ENABLE_OBJC_ARC = YES;
				CLANG_WARN_CONSTANT_CONVERSION = YES;
				CLANG_WARN_EMPTY_BODY = YES;
				CLANG_WARN_ENUM_CONVERSION = YES;
				CLANG_WARN_INT_CONVERSION = YES;
				CLANG_WARN__DUPLICATE_METHOD_MATCH = YES;
				COPY_PHASE_STRIP = YES;
				DEBUG_INFORMATION_FORMAT = "dwarf-with-dsym";
				GCC_C_LANGUAGE_STANDARD = gnu99;
				GCC_ENABLE_OBJC_EXCEPTIONS = YES;
				GCC_WARN_64_TO_32_BIT_CONVERSION = YES;
				GCC_WARN_ABOUT_RETURN_TYPE = YES;
				GCC_WARN_UNINITIALIZED_AUTOS = YES;
				GCC_WARN_UNUSED_VARIABLE = YES;
				MACOSX_DEPLOYMENT_TARGET = 10.8;
				SDKROOT = macosx;
			};
			name = Release;
		};
		371091AF17A9B8FB00BFAF43 /* Debug */ = {
			isa = XCBuildConfiguration;
			buildSettings = {
				COMBINE_HIDPI_IMAGES = YES;
				DYLIB_COMPATIBILITY_VERSION = 1;
				DYLIB_CURRENT_VERSION = 1;
				FRAMEWORK_VERSION = A;
				GCC_PRECOMPILE_PREFIX_HEADER = YES;
				GCC_PREFIX_HEADER = "GTWSWBase/GTWSWBase-Prefix.pch";
				INFOPLIST_FILE = "GTWSWBase/GTWSWBase-Info.plist";
				PRODUCT_NAME = "$(TARGET_NAME)";
				WRAPPER_EXTENSION = framework;
			};
			name = Debug;
		};
		371091B017A9B8FB00BFAF43 /* Release */ = {
			isa = XCBuildConfiguration;
			buildSettings = {
				COMBINE_HIDPI_IMAGES = YES;
				DYLIB_COMPATIBILITY_VERSION = 1;
				DYLIB_CURRENT_VERSION = 1;
				FRAMEWORK_VERSION = A;
				GCC_PRECOMPILE_PREFIX_HEADER = YES;
				GCC_PREFIX_HEADER = "GTWSWBase/GTWSWBase-Prefix.pch";
				INFOPLIST_FILE = "GTWSWBase/GTWSWBase-Info.plist";
				PRODUCT_NAME = "$(TARGET_NAME)";
				WRAPPER_EXTENSION = framework;
			};
			name = Release;
		};
		371091B217A9B8FB00BFAF43 /* Debug */ = {
			isa = XCBuildConfiguration;
			buildSettings = {
				COMBINE_HIDPI_IMAGES = YES;
				FRAMEWORK_SEARCH_PATHS = "\"$(DEVELOPER_LIBRARY_DIR)/Frameworks\"";
				GCC_PRECOMPILE_PREFIX_HEADER = YES;
				GCC_PREFIX_HEADER = "GTWSWBase/GTWSWBase-Prefix.pch";
				INFOPLIST_FILE = "GTWSWBaseTests/GTWSWBaseTests-Info.plist";
				PRODUCT_NAME = "$(TARGET_NAME)";
				WRAPPER_EXTENSION = octest;
			};
			name = Debug;
		};
		371091B317A9B8FB00BFAF43 /* Release */ = {
			isa = XCBuildConfiguration;
			buildSettings = {
				COMBINE_HIDPI_IMAGES = YES;
				FRAMEWORK_SEARCH_PATHS = "\"$(DEVELOPER_LIBRARY_DIR)/Frameworks\"";
				GCC_PRECOMPILE_PREFIX_HEADER = YES;
				GCC_PREFIX_HEADER = "GTWSWBase/GTWSWBase-Prefix.pch";
				INFOPLIST_FILE = "GTWSWBaseTests/GTWSWBaseTests-Info.plist";
				PRODUCT_NAME = "$(TARGET_NAME)";
				WRAPPER_EXTENSION = octest;
			};
			name = Release;
		};
/* End XCBuildConfiguration section */

/* Begin XCConfigurationList section */
		3710917E17A9B8FB00BFAF43 /* Build configuration list for PBXProject "GTWSWBase" */ = {
			isa = XCConfigurationList;
			buildConfigurations = (
				371091AC17A9B8FB00BFAF43 /* Debug */,
				371091AD17A9B8FB00BFAF43 /* Release */,
			);
			defaultConfigurationIsVisible = 0;
			defaultConfigurationName = Release;
		};
		371091AE17A9B8FB00BFAF43 /* Build configuration list for PBXNativeTarget "GTWSWBase" */ = {
			isa = XCConfigurationList;
			buildConfigurations = (
				371091AF17A9B8FB00BFAF43 /* Debug */,
				371091B017A9B8FB00BFAF43 /* Release */,
			);
			defaultConfigurationIsVisible = 0;
		};
		371091B117A9B8FB00BFAF43 /* Build configuration list for PBXNativeTarget "GTWSWBaseTests" */ = {
			isa = XCConfigurationList;
			buildConfigurations = (
				371091B217A9B8FB00BFAF43 /* Debug */,
				371091B317A9B8FB00BFAF43 /* Release */,
			);
			defaultConfigurationIsVisible = 0;
		};
/* End XCConfigurationList section */
	};
	rootObject = 3710917B17A9B8FB00BFAF43 /* Project object */;
}
